// !$*UTF8*$!
{
	archiveVersion = 1;
	classes = {
	};
	objectVersion = 46;
	objects = {

/* Begin PBXBuildFile section */
		AF5225811D7A08A30033AFB2 /* AppDelegate.swift in Sources */ = {isa = PBXBuildFile; fileRef = AF5225801D7A08A30033AFB2 /* AppDelegate.swift */; };
		AF5225861D7A08A30033AFB2 /* Main.storyboard in Resources */ = {isa = PBXBuildFile; fileRef = AF5225841D7A08A30033AFB2 /* Main.storyboard */; };
		AF5225881D7A08A30033AFB2 /* Assets.xcassets in Resources */ = {isa = PBXBuildFile; fileRef = AF5225871D7A08A30033AFB2 /* Assets.xcassets */; };
		AF52258B1D7A08A30033AFB2 /* LaunchScreen.storyboard in Resources */ = {isa = PBXBuildFile; fileRef = AF5225891D7A08A30033AFB2 /* LaunchScreen.storyboard */; };
		AF5225931D7A0A510033AFB2 /* FlickrPhotosViewController.swift in Sources */ = {isa = PBXBuildFile; fileRef = AF5225921D7A0A510033AFB2 /* FlickrPhotosViewController.swift */; };
		AF5225951D7A0B6D0033AFB2 /* FlickrSearcher.swift in Sources */ = {isa = PBXBuildFile; fileRef = AF5225941D7A0B6D0033AFB2 /* FlickrSearcher.swift */; };
		AF5225971D7A158B0033AFB2 /* FlickrPhotoCell.swift in Sources */ = {isa = PBXBuildFile; fileRef = AF5225961D7A158B0033AFB2 /* FlickrPhotoCell.swift */; };
/* End PBXBuildFile section */

/* Begin PBXFileReference section */
		AF52257D1D7A08A30033AFB2 /* FlickrSearch.app */ = {isa = PBXFileReference; explicitFileType = wrapper.application; includeInIndex = 0; path = FlickrSearch.app; sourceTree = BUILT_PRODUCTS_DIR; };
		AF5225801D7A08A30033AFB2 /* AppDelegate.swift */ = {isa = PBXFileReference; lastKnownFileType = sourcecode.swift; path = AppDelegate.swift; sourceTree = "<group>"; };
		AF5225851D7A08A30033AFB2 /* Base */ = {isa = PBXFileReference; lastKnownFileType = file.storyboard; name = Base; path = Base.lproj/Main.storyboard; sourceTree = "<group>"; };
		AF5225871D7A08A30033AFB2 /* Assets.xcassets */ = {isa = PBXFileReference; lastKnownFileType = folder.assetcatalog; path = Assets.xcassets; sourceTree = "<group>"; };
		AF52258A1D7A08A30033AFB2 /* Base */ = {isa = PBXFileReference; lastKnownFileType = file.storyboard; name = Base; path = Base.lproj/LaunchScreen.storyboard; sourceTree = "<group>"; };
		AF52258C1D7A08A30033AFB2 /* Info.plist */ = {isa = PBXFileReference; lastKnownFileType = text.plist.xml; path = Info.plist; sourceTree = "<group>"; };
		AF5225921D7A0A510033AFB2 /* FlickrPhotosViewController.swift */ = {isa = PBXFileReference; fileEncoding = 4; lastKnownFileType = sourcecode.swift; path = FlickrPhotosViewController.swift; sourceTree = "<group>"; };
		AF5225941D7A0B6D0033AFB2 /* FlickrSearcher.swift */ = {isa = PBXFileReference; fileEncoding = 4; lastKnownFileType = sourcecode.swift; path = FlickrSearcher.swift; sourceTree = "<group>"; };
		AF5225961D7A158B0033AFB2 /* FlickrPhotoCell.swift */ = {isa = PBXFileReference; fileEncoding = 4; lastKnownFileType = sourcecode.swift; path = FlickrPhotoCell.swift; sourceTree = "<group>"; };
/* End PBXFileReference section */

/* Begin PBXFrameworksBuildPhase section */
		AF52257A1D7A08A30033AFB2 /* Frameworks */ = {
			isa = PBXFrameworksBuildPhase;
			buildActionMask = 2147483647;
			files = (
			);
			runOnlyForDeploymentPostprocessing = 0;
		};
/* End PBXFrameworksBuildPhase section */

/* Begin PBXGroup section */
		AF5225741D7A08A20033AFB2 = {
			isa = PBXGroup;
			children = (
				AF52257F1D7A08A30033AFB2 /* FlickrSearch */,
				AF52257E1D7A08A30033AFB2 /* Products */,
			);
			sourceTree = "<group>";
		};
		AF52257E1D7A08A30033AFB2 /* Products */ = {
			isa = PBXGroup;
			children = (
				AF52257D1D7A08A30033AFB2 /* FlickrSearch.app */,
			);
			name = Products;
			sourceTree = "<group>";
		};
		AF52257F1D7A08A30033AFB2 /* FlickrSearch */ = {
			isa = PBXGroup;
			children = (
				AF5225801D7A08A30033AFB2 /* AppDelegate.swift */,
				AF5225871D7A08A30033AFB2 /* Assets.xcassets */,
				AF5225961D7A158B0033AFB2 /* FlickrPhotoCell.swift */,
				AF5225921D7A0A510033AFB2 /* FlickrPhotosViewController.swift */,
				AF5225941D7A0B6D0033AFB2 /* FlickrSearcher.swift */,
				AF52258C1D7A08A30033AFB2 /* Info.plist */,
				AF5225891D7A08A30033AFB2 /* LaunchScreen.storyboard */,
				AF5225841D7A08A30033AFB2 /* Main.storyboard */,
			);
			path = FlickrSearch;
			sourceTree = "<group>";
		};
/* End PBXGroup section */

/* Begin PBXNativeTarget section */
		AF52257C1D7A08A30033AFB2 /* FlickrSearch */ = {
			isa = PBXNativeTarget;
			buildConfigurationList = AF52258F1D7A08A30033AFB2 /* Build configuration list for PBXNativeTarget "FlickrSearch" */;
			buildPhases = (
				AF5225791D7A08A30033AFB2 /* Sources */,
				AF52257A1D7A08A30033AFB2 /* Frameworks */,
				AF52257B1D7A08A30033AFB2 /* Resources */,
			);
			buildRules = (
			);
			dependencies = (
			);
			name = FlickrSearch;
			productName = FlickrSearch;
			productReference = AF52257D1D7A08A30033AFB2 /* FlickrSearch.app */;
			productType = "com.apple.product-type.application";
		};
/* End PBXNativeTarget section */

/* Begin PBXProject section */
		AF5225751D7A08A20033AFB2 /* Project object */ = {
			isa = PBXProject;
			attributes = {
				LastSwiftUpdateCheck = 0730;
				LastUpgradeCheck = 0730;
				ORGANIZATIONNAME = "Andy Wong";
				TargetAttributes = {
					AF52257C1D7A08A30033AFB2 = {
						CreatedOnToolsVersion = 7.3.1;
					};
				};
			};
			buildConfigurationList = AF5225781D7A08A20033AFB2 /* Build configuration list for PBXProject "FlickrSearch" */;
			compatibilityVersion = "Xcode 3.2";
			developmentRegion = English;
			hasScannedForEncodings = 0;
			knownRegions = (
				en,
				Base,
			);
			mainGroup = AF5225741D7A08A20033AFB2;
			productRefGroup = AF52257E1D7A08A30033AFB2 /* Products */;
			projectDirPath = "";
			projectRoot = "";
			targets = (
				AF52257C1D7A08A30033AFB2 /* FlickrSearch */,
			);
		};
/* End PBXProject section */

/* Begin PBXResourcesBuildPhase section */
		AF52257B1D7A08A30033AFB2 /* Resources */ = {
			isa = PBXResourcesBuildPhase;
			buildActionMask = 2147483647;
			files = (
				AF52258B1D7A08A30033AFB2 /* LaunchScreen.storyboard in Resources */,
				AF5225881D7A08A30033AFB2 /* Assets.xcassets in Resources */,
				AF5225861D7A08A30033AFB2 /* Main.storyboard in Resources */,
			);
			runOnlyForDeploymentPostprocessing = 0;
		};
/* End PBXResourcesBuildPhase section */

/* Begin PBXSourcesBuildPhase section */
		AF5225791D7A08A30033AFB2 /* Sources */ = {
			isa = PBXSourcesBuildPhase;
			buildActionMask = 2147483647;
			files = (
				AF5225951D7A0B6D0033AFB2 /* FlickrSearcher.swift in Sources */,
				AF5225971D7A158B0033AFB2 /* FlickrPhotoCell.swift in Sources */,
				AF5225931D7A0A510033AFB2 /* FlickrPhotosViewController.swift in Sources */,
				AF5225811D7A08A30033AFB2 /* AppDelegate.swift in Sources */,
			);
			runOnlyForDeploymentPostprocessing = 0;
		};
/* End PBXSourcesBuildPhase section */

/* Begin PBXVariantGroup section */
		AF5225841D7A08A30033AFB2 /* Main.storyboard */ = {
			isa = PBXVariantGroup;
			children = (
				AF5225851D7A08A30033AFB2 /* Base */,
			);
			name = Main.storyboard;
			sourceTree = "<group>";
		};
		AF5225891D7A08A30033AFB2 /* LaunchScreen.storyboard */ = {
			isa = PBXVariantGroup;
			children = (
				AF52258A1D7A08A30033AFB2 /* Base */,
			);
			name = LaunchScreen.storyboard;
			sourceTree = "<group>";
		};
/* End PBXVariantGroup section */

/* Begin XCBuildConfiguration section */
		AF52258D1D7A08A30033AFB2 /* Debug */ = {
			isa = XCBuildConfiguration;
			buildSettings = {
				ALWAYS_SEARCH_USER_PATHS = NO;
				CLANG_ANALYZER_NONNULL = YES;
				CLANG_CXX_LANGUAGE_STANDARD = "gnu++0x";
				CLANG_CXX_LIBRARY = "libc++";
				CLANG_ENABLE_MODULES = YES;
				CLANG_ENABLE_OBJC_ARC = YES;
				CLANG_WARN_BOOL_CONVERSION = YES;
				CLANG_WARN_CONSTANT_CONVERSION = YES;
				CLANG_WARN_DIRECT_OBJC_ISA_USAGE = YES_ERROR;
				CLANG_WARN_EMPTY_BODY = YES;
				CLANG_WARN_ENUM_CONVERSION = YES;
				CLANG_WARN_INT_CONVERSION = YES;
				CLANG_WARN_OBJC_ROOT_CLASS = YES_ERROR;
				CLANG_WARN_UNREACHABLE_CODE = YES;
				CLANG_WARN__DUPLICATE_METHOD_MATCH = YES;
				"CODE_SIGN_IDENTITY[sdk=iphoneos*]" = "iPhone Developer";
				COPY_PHASE_STRIP = NO;
				DEBUG_INFORMATION_FORMAT = dwarf;
				ENABLE_STRICT_OBJC_MSGSEND = YES;
				ENABLE_TESTABILITY = YES;
				GCC_C_LANGUAGE_STANDARD = gnu99;
				GCC_DYNAMIC_NO_PIC = NO;
				GCC_NO_COMMON_BLOCKS = YES;
				GCC_OPTIMIZATION_LEVEL = 0;
				GCC_PREPROCESSOR_DEFINITIONS = (
					"DEBUG=1",
					"$(inherited)",
				);
				GCC_WARN_64_TO_32_BIT_CONVERSION = YES;
				GCC_WARN_ABOUT_RETURN_TYPE = YES_ERROR;
				GCC_WARN_UNDECLARED_SELECTOR = YES;
				GCC_WARN_UNINITIALIZED_AUTOS = YES_AGGRESSIVE;
				GCC_WARN_UNUSED_FUNCTION = YES;
				GCC_WARN_UNUSED_VARIABLE = YES;
				IPHONEOS_DEPLOYMENT_TARGET = 9.3;
				MTL_ENABLE_DEBUG_INFO = YES;
				ONLY_ACTIVE_ARCH = YES;
				SDKROOT = iphoneos;
				SWIFT_OPTIMIZATION_LEVEL = "-Onone";
				TARGETED_DEVICE_FAMILY = 2;
			};
			name = Debug;
		};
		AF52258E1D7A08A30033AFB2 /* Release */ = {
			isa = XCBuildConfiguration;
			buildSettings = {
				ALWAYS_SEARCH_USER_PATHS = NO;
				CLANG_ANALYZER_NONNULL = YES;
				CLANG_CXX_LANGUAGE_STANDARD = "gnu++0x";
				CLANG_CXX_LIBRARY = "libc++";
				CLANG_ENABLE_MODULES = YES;
				CLANG_ENABLE_OBJC_ARC = YES;
				CLANG_WARN_BOOL_CONVERSION = YES;
				CLANG_WARN_CONSTANT_CONVERSION = YES;
				CLANG_WARN_DIRECT_OBJC_ISA_USAGE = YES_ERROR;
				CLANG_WARN_EMPTY_BODY = YES;
				CLANG_WARN_ENUM_CONVERSION = YES;
				CLANG_WARN_INT_CONVERSION = YES;
				CLANG_WARN_OBJC_ROOT_CLASS = YES_ERROR;
				CLANG_WARN_UNREACHABLE_CODE = YES;
				CLANG_WARN__DUPLICATE_METHOD_MATCH = YES;
				"CODE_SIGN_IDENTITY[sdk=iphoneos*]" = "iPhone Developer";
				COPY_PHASE_STRIP = NO;
				DEBUG_INFORMATION_FORMAT = "dwarf-with-dsym";
				ENABLE_NS_ASSERTIONS = NO;
				ENABLE_STRICT_OBJC_MSGSEND = YES;
				GCC_C_LANGUAGE_STANDARD = gnu99;
				GCC_NO_COMMON_BLOCKS = YES;
				GCC_WARN_64_TO_32_BIT_CONVERSION = YES;
				GCC_WARN_ABOUT_RETURN_TYPE = YES_ERROR;
				GCC_WARN_UNDECLARED_SELECTOR = YES;
				GCC_WARN_UNINITIALIZED_AUTOS = YES_AGGRESSIVE;
				GCC_WARN_UNUSED_FUNCTION = YES;
				GCC_WARN_UNUSED_VARIABLE = YES;
				IPHONEOS_DEPLOYMENT_TARGET = 9.3;
				MTL_ENABLE_DEBUG_INFO = NO;
				SDKROOT = iphoneos;
				TARGETED_DEVICE_FAMILY = 2;
				VALIDATE_PRODUCT = YES;
			};
			name = Release;
		};
		AF5225901D7A08A30033AFB2 /* Debug */ = {
			isa = XCBuildConfiguration;
			buildSettings = {
				ASSETCATALOG_COMPILER_APPICON_NAME = AppIcon;
				INFOPLIST_FILE = FlickrSearch/Info.plist;
				LD_RUNPATH_SEARCH_PATHS = "$(inherited) @executable_path/Frameworks";
				PRODUCT_BUNDLE_IDENTIFIER = com.awong.FlickrSearch;
				PRODUCT_NAME = "$(TARGET_NAME)";
			};
			name = Debug;
		};
		AF5225911D7A08A30033AFB2 /* Release */ = {
			isa = XCBuildConfiguration;
			buildSettings = {
				ASSETCATALOG_COMPILER_APPICON_NAME = AppIcon;
				INFOPLIST_FILE = FlickrSearch/Info.plist;
				LD_RUNPATH_SEARCH_PATHS = "$(inherited) @executable_path/Frameworks";
				PRODUCT_BUNDLE_IDENTIFIER = com.awong.FlickrSearch;
				PRODUCT_NAME = "$(TARGET_NAME)";
			};
			name = Release;
		};
/* End XCBuildConfiguration section */

/* Begin XCConfigurationList section */
		AF5225781D7A08A20033AFB2 /* Build configuration list for PBXProject "FlickrSearch" */ = {
			isa = XCConfigurationList;
			buildConfigurations = (
				AF52258D1D7A08A30033AFB2 /* Debug */,
				AF52258E1D7A08A30033AFB2 /* Release */,
			);
			defaultConfigurationIsVisible = 0;
			defaultConfigurationName = Release;
		};
		AF52258F1D7A08A30033AFB2 /* Build configuration list for PBXNativeTarget "FlickrSearch" */ = {
			isa = XCConfigurationList;
			buildConfigurations = (
				AF5225901D7A08A30033AFB2 /* Debug */,
				AF5225911D7A08A30033AFB2 /* Release */,
			);
			defaultConfigurationIsVisible = 0;
		};
/* End XCConfigurationList section */
	};
	rootObject = AF5225751D7A08A20033AFB2 /* Project object */;
}
