// !$*UTF8*$!
{
	archiveVersion = 1;
	classes = {
	};
	objectVersion = 46;
	objects = {

/* Begin PBXBuildFile section */
		AF7F13D51DD8D61D00BBDD57 /* BooksLayout.swift in Sources */ = {isa = PBXBuildFile; fileRef = AF7F13D41DD8D61D00BBDD57 /* BooksLayout.swift */; };
		AF7F13D71DD9294800BBDD57 /* BookLayout.swift in Sources */ = {isa = PBXBuildFile; fileRef = AF7F13D61DD9294800BBDD57 /* BookLayout.swift */; };
		AFEC05A21DD83DD3001764F5 /* AppDelegate.swift in Sources */ = {isa = PBXBuildFile; fileRef = AFEC05A11DD83DD3001764F5 /* AppDelegate.swift */; };
		AFEC05A71DD83DD3001764F5 /* Main.storyboard in Resources */ = {isa = PBXBuildFile; fileRef = AFEC05A51DD83DD3001764F5 /* Main.storyboard */; };
		AFEC05A91DD83DD3001764F5 /* Assets.xcassets in Resources */ = {isa = PBXBuildFile; fileRef = AFEC05A81DD83DD3001764F5 /* Assets.xcassets */; };
		AFEC05AC1DD83DD3001764F5 /* LaunchScreen.storyboard in Resources */ = {isa = PBXBuildFile; fileRef = AFEC05AA1DD83DD3001764F5 /* LaunchScreen.storyboard */; };
		AFEC05B41DD83EDC001764F5 /* BooksViewController.swift in Sources */ = {isa = PBXBuildFile; fileRef = AFEC05B31DD83EDC001764F5 /* BooksViewController.swift */; };
		AFEC05B61DD84155001764F5 /* BookCoverCell.swift in Sources */ = {isa = PBXBuildFile; fileRef = AFEC05B51DD84155001764F5 /* BookCoverCell.swift */; };
		AFEC05B81DD844A6001764F5 /* BookViewController.swift in Sources */ = {isa = PBXBuildFile; fileRef = AFEC05B71DD844A6001764F5 /* BookViewController.swift */; };
		AFEC05BA1DD84562001764F5 /* BookPageCell.swift in Sources */ = {isa = PBXBuildFile; fileRef = AFEC05B91DD84562001764F5 /* BookPageCell.swift */; };
		AFEC05BC1DD851DC001764F5 /* BookStore.swift in Sources */ = {isa = PBXBuildFile; fileRef = AFEC05BB1DD851DC001764F5 /* BookStore.swift */; };
		AFEC05BE1DD85410001764F5 /* Book.swift in Sources */ = {isa = PBXBuildFile; fileRef = AFEC05BD1DD85410001764F5 /* Book.swift */; };
		AFEC05C01DD854D4001764F5 /* Books.plist in Resources */ = {isa = PBXBuildFile; fileRef = AFEC05BF1DD854D4001764F5 /* Books.plist */; };
		AFEC05C21DD85587001764F5 /* UIImage+Helpers.swift in Sources */ = {isa = PBXBuildFile; fileRef = AFEC05C11DD85587001764F5 /* UIImage+Helpers.swift */; };
/* End PBXBuildFile section */

/* Begin PBXFileReference section */
		AF7F13D41DD8D61D00BBDD57 /* BooksLayout.swift */ = {isa = PBXFileReference; fileEncoding = 4; lastKnownFileType = sourcecode.swift; path = BooksLayout.swift; sourceTree = "<group>"; };
		AF7F13D61DD9294800BBDD57 /* BookLayout.swift */ = {isa = PBXFileReference; fileEncoding = 4; lastKnownFileType = sourcecode.swift; path = BookLayout.swift; sourceTree = "<group>"; };
		AFEC059E1DD83DD3001764F5 /* Paper.app */ = {isa = PBXFileReference; explicitFileType = wrapper.application; includeInIndex = 0; path = Paper.app; sourceTree = BUILT_PRODUCTS_DIR; };
		AFEC05A11DD83DD3001764F5 /* AppDelegate.swift */ = {isa = PBXFileReference; lastKnownFileType = sourcecode.swift; path = AppDelegate.swift; sourceTree = "<group>"; };
		AFEC05A61DD83DD3001764F5 /* Base */ = {isa = PBXFileReference; lastKnownFileType = file.storyboard; name = Base; path = Base.lproj/Main.storyboard; sourceTree = "<group>"; };
		AFEC05A81DD83DD3001764F5 /* Assets.xcassets */ = {isa = PBXFileReference; lastKnownFileType = folder.assetcatalog; path = Assets.xcassets; sourceTree = "<group>"; };
		AFEC05AB1DD83DD3001764F5 /* Base */ = {isa = PBXFileReference; lastKnownFileType = file.storyboard; name = Base; path = Base.lproj/LaunchScreen.storyboard; sourceTree = "<group>"; };
		AFEC05AD1DD83DD3001764F5 /* Info.plist */ = {isa = PBXFileReference; lastKnownFileType = text.plist.xml; path = Info.plist; sourceTree = "<group>"; };
		AFEC05B31DD83EDC001764F5 /* BooksViewController.swift */ = {isa = PBXFileReference; fileEncoding = 4; lastKnownFileType = sourcecode.swift; path = BooksViewController.swift; sourceTree = "<group>"; };
		AFEC05B51DD84155001764F5 /* BookCoverCell.swift */ = {isa = PBXFileReference; fileEncoding = 4; lastKnownFileType = sourcecode.swift; path = BookCoverCell.swift; sourceTree = "<group>"; };
		AFEC05B71DD844A6001764F5 /* BookViewController.swift */ = {isa = PBXFileReference; fileEncoding = 4; lastKnownFileType = sourcecode.swift; path = BookViewController.swift; sourceTree = "<group>"; };
		AFEC05B91DD84562001764F5 /* BookPageCell.swift */ = {isa = PBXFileReference; fileEncoding = 4; lastKnownFileType = sourcecode.swift; path = BookPageCell.swift; sourceTree = "<group>"; };
		AFEC05BB1DD851DC001764F5 /* BookStore.swift */ = {isa = PBXFileReference; fileEncoding = 4; lastKnownFileType = sourcecode.swift; path = BookStore.swift; sourceTree = "<group>"; };
		AFEC05BD1DD85410001764F5 /* Book.swift */ = {isa = PBXFileReference; fileEncoding = 4; lastKnownFileType = sourcecode.swift; path = Book.swift; sourceTree = "<group>"; };
		AFEC05BF1DD854D4001764F5 /* Books.plist */ = {isa = PBXFileReference; fileEncoding = 4; lastKnownFileType = text.plist.xml; path = Books.plist; sourceTree = "<group>"; };
		AFEC05C11DD85587001764F5 /* UIImage+Helpers.swift */ = {isa = PBXFileReference; fileEncoding = 4; lastKnownFileType = sourcecode.swift; path = "UIImage+Helpers.swift"; sourceTree = "<group>"; };
/* End PBXFileReference section */

/* Begin PBXFrameworksBuildPhase section */
		AFEC059B1DD83DD3001764F5 /* Frameworks */ = {
			isa = PBXFrameworksBuildPhase;
			buildActionMask = 2147483647;
			files = (
			);
			runOnlyForDeploymentPostprocessing = 0;
		};
/* End PBXFrameworksBuildPhase section */

/* Begin PBXGroup section */
		AFEC05951DD83DD3001764F5 = {
			isa = PBXGroup;
			children = (
				AFEC05A01DD83DD3001764F5 /* Paper */,
				AFEC059F1DD83DD3001764F5 /* Products */,
			);
			sourceTree = "<group>";
		};
		AFEC059F1DD83DD3001764F5 /* Products */ = {
			isa = PBXGroup;
			children = (
				AFEC059E1DD83DD3001764F5 /* Paper.app */,
			);
			name = Products;
			sourceTree = "<group>";
		};
		AFEC05A01DD83DD3001764F5 /* Paper */ = {
			isa = PBXGroup;
			children = (
				AFEC05A11DD83DD3001764F5 /* AppDelegate.swift */,
				AFEC05A51DD83DD3001764F5 /* Main.storyboard */,
				AFEC05A81DD83DD3001764F5 /* Assets.xcassets */,
				AFEC05AA1DD83DD3001764F5 /* LaunchScreen.storyboard */,
				AFEC05AD1DD83DD3001764F5 /* Info.plist */,
				AFEC05B31DD83EDC001764F5 /* BooksViewController.swift */,
				AFEC05B51DD84155001764F5 /* BookCoverCell.swift */,
				AFEC05B71DD844A6001764F5 /* BookViewController.swift */,
				AFEC05B91DD84562001764F5 /* BookPageCell.swift */,
				AFEC05BB1DD851DC001764F5 /* BookStore.swift */,
				AFEC05BD1DD85410001764F5 /* Book.swift */,
				AFEC05BF1DD854D4001764F5 /* Books.plist */,
				AFEC05C11DD85587001764F5 /* UIImage+Helpers.swift */,
				AF7F13D41DD8D61D00BBDD57 /* BooksLayout.swift */,
				AF7F13D61DD9294800BBDD57 /* BookLayout.swift */,
			);
			path = Paper;
			sourceTree = "<group>";
		};
/* End PBXGroup section */

/* Begin PBXNativeTarget section */
		AFEC059D1DD83DD3001764F5 /* Paper */ = {
			isa = PBXNativeTarget;
			buildConfigurationList = AFEC05B01DD83DD3001764F5 /* Build configuration list for PBXNativeTarget "Paper" */;
			buildPhases = (
				AFEC059A1DD83DD3001764F5 /* Sources */,
				AFEC059B1DD83DD3001764F5 /* Frameworks */,
				AFEC059C1DD83DD3001764F5 /* Resources */,
			);
			buildRules = (
			);
			dependencies = (
			);
			name = Paper;
			productName = Paper;
			productReference = AFEC059E1DD83DD3001764F5 /* Paper.app */;
			productType = "com.apple.product-type.application";
		};
/* End PBXNativeTarget section */

/* Begin PBXProject section */
		AFEC05961DD83DD3001764F5 /* Project object */ = {
			isa = PBXProject;
			attributes = {
				LastSwiftUpdateCheck = 0810;
				LastUpgradeCheck = 0810;
				ORGANIZATIONNAME = "Ray Wenderlich";
				TargetAttributes = {
					AFEC059D1DD83DD3001764F5 = {
						CreatedOnToolsVersion = 8.1;
						ProvisioningStyle = Automatic;
					};
				};
			};
			buildConfigurationList = AFEC05991DD83DD3001764F5 /* Build configuration list for PBXProject "Paper" */;
			compatibilityVersion = "Xcode 3.2";
			developmentRegion = English;
			hasScannedForEncodings = 0;
			knownRegions = (
				en,
				Base,
			);
			mainGroup = AFEC05951DD83DD3001764F5;
			productRefGroup = AFEC059F1DD83DD3001764F5 /* Products */;
			projectDirPath = "";
			projectRoot = "";
			targets = (
				AFEC059D1DD83DD3001764F5 /* Paper */,
			);
		};
/* End PBXProject section */

/* Begin PBXResourcesBuildPhase section */
		AFEC059C1DD83DD3001764F5 /* Resources */ = {
			isa = PBXResourcesBuildPhase;
			buildActionMask = 2147483647;
			files = (
				AFEC05AC1DD83DD3001764F5 /* LaunchScreen.storyboard in Resources */,
				AFEC05A91DD83DD3001764F5 /* Assets.xcassets in Resources */,
				AFEC05A71DD83DD3001764F5 /* Main.storyboard in Resources */,
				AFEC05C01DD854D4001764F5 /* Books.plist in Resources */,
			);
			runOnlyForDeploymentPostprocessing = 0;
		};
/* End PBXResourcesBuildPhase section */

/* Begin PBXSourcesBuildPhase section */
		AFEC059A1DD83DD3001764F5 /* Sources */ = {
			isa = PBXSourcesBuildPhase;
			buildActionMask = 2147483647;
			files = (
				AFEC05B61DD84155001764F5 /* BookCoverCell.swift in Sources */,
				AFEC05B81DD844A6001764F5 /* BookViewController.swift in Sources */,
				AF7F13D51DD8D61D00BBDD57 /* BooksLayout.swift in Sources */,
				AFEC05BE1DD85410001764F5 /* Book.swift in Sources */,
				AF7F13D71DD9294800BBDD57 /* BookLayout.swift in Sources */,
				AFEC05BC1DD851DC001764F5 /* BookStore.swift in Sources */,
				AFEC05A21DD83DD3001764F5 /* AppDelegate.swift in Sources */,
				AFEC05BA1DD84562001764F5 /* BookPageCell.swift in Sources */,
				AFEC05B41DD83EDC001764F5 /* BooksViewController.swift in Sources */,
				AFEC05C21DD85587001764F5 /* UIImage+Helpers.swift in Sources */,
			);
			runOnlyForDeploymentPostprocessing = 0;
		};
/* End PBXSourcesBuildPhase section */

/* Begin PBXVariantGroup section */
		AFEC05A51DD83DD3001764F5 /* Main.storyboard */ = {
			isa = PBXVariantGroup;
			children = (
				AFEC05A61DD83DD3001764F5 /* Base */,
			);
			name = Main.storyboard;
			sourceTree = "<group>";
		};
		AFEC05AA1DD83DD3001764F5 /* LaunchScreen.storyboard */ = {
			isa = PBXVariantGroup;
			children = (
				AFEC05AB1DD83DD3001764F5 /* Base */,
			);
			name = LaunchScreen.storyboard;
			sourceTree = "<group>";
		};
/* End PBXVariantGroup section */

/* Begin XCBuildConfiguration section */
		AFEC05AE1DD83DD3001764F5 /* Debug */ = {
			isa = XCBuildConfiguration;
			buildSettings = {
				ALWAYS_SEARCH_USER_PATHS = NO;
				CLANG_ANALYZER_NONNULL = YES;
				CLANG_CXX_LANGUAGE_STANDARD = "gnu++0x";
				CLANG_CXX_LIBRARY = "libc++";
				CLANG_ENABLE_MODULES = YES;
				CLANG_ENABLE_OBJC_ARC = YES;
				CLANG_WARN_BOOL_CONVERSION = YES;
				CLANG_WARN_CONSTANT_CONVERSION = YES;
				CLANG_WARN_DIRECT_OBJC_ISA_USAGE = YES_ERROR;
				CLANG_WARN_DOCUMENTATION_COMMENTS = YES;
				CLANG_WARN_EMPTY_BODY = YES;
				CLANG_WARN_ENUM_CONVERSION = YES;
				CLANG_WARN_INFINITE_RECURSION = YES;
				CLANG_WARN_INT_CONVERSION = YES;
				CLANG_WARN_OBJC_ROOT_CLASS = YES_ERROR;
				CLANG_WARN_SUSPICIOUS_MOVES = YES;
				CLANG_WARN_UNREACHABLE_CODE = YES;
				CLANG_WARN__DUPLICATE_METHOD_MATCH = YES;
				"CODE_SIGN_IDENTITY[sdk=iphoneos*]" = "iPhone Developer";
				COPY_PHASE_STRIP = NO;
				DEBUG_INFORMATION_FORMAT = dwarf;
				ENABLE_STRICT_OBJC_MSGSEND = YES;
				ENABLE_TESTABILITY = YES;
				GCC_C_LANGUAGE_STANDARD = gnu99;
				GCC_DYNAMIC_NO_PIC = NO;
				GCC_NO_COMMON_BLOCKS = YES;
				GCC_OPTIMIZATION_LEVEL = 0;
				GCC_PREPROCESSOR_DEFINITIONS = (
					"DEBUG=1",
					"$(inherited)",
				);
				GCC_WARN_64_TO_32_BIT_CONVERSION = YES;
				GCC_WARN_ABOUT_RETURN_TYPE = YES_ERROR;
				GCC_WARN_UNDECLARED_SELECTOR = YES;
				GCC_WARN_UNINITIALIZED_AUTOS = YES_AGGRESSIVE;
				GCC_WARN_UNUSED_FUNCTION = YES;
				GCC_WARN_UNUSED_VARIABLE = YES;
				IPHONEOS_DEPLOYMENT_TARGET = 10.1;
				MTL_ENABLE_DEBUG_INFO = YES;
				ONLY_ACTIVE_ARCH = YES;
				SDKROOT = iphoneos;
				SWIFT_ACTIVE_COMPILATION_CONDITIONS = DEBUG;
				SWIFT_OPTIMIZATION_LEVEL = "-Onone";
				TARGETED_DEVICE_FAMILY = "1,2";
			};
			name = Debug;
		};
		AFEC05AF1DD83DD3001764F5 /* Release */ = {
			isa = XCBuildConfiguration;
			buildSettings = {
				ALWAYS_SEARCH_USER_PATHS = NO;
				CLANG_ANALYZER_NONNULL = YES;
				CLANG_CXX_LANGUAGE_STANDARD = "gnu++0x";
				CLANG_CXX_LIBRARY = "libc++";
				CLANG_ENABLE_MODULES = YES;
				CLANG_ENABLE_OBJC_ARC = YES;
				CLANG_WARN_BOOL_CONVERSION = YES;
				CLANG_WARN_CONSTANT_CONVERSION = YES;
				CLANG_WARN_DIRECT_OBJC_ISA_USAGE = YES_ERROR;
				CLANG_WARN_DOCUMENTATION_COMMENTS = YES;
				CLANG_WARN_EMPTY_BODY = YES;
				CLANG_WARN_ENUM_CONVERSION = YES;
				CLANG_WARN_INFINITE_RECURSION = YES;
				CLANG_WARN_INT_CONVERSION = YES;
				CLANG_WARN_OBJC_ROOT_CLASS = YES_ERROR;
				CLANG_WARN_SUSPICIOUS_MOVES = YES;
				CLANG_WARN_UNREACHABLE_CODE = YES;
				CLANG_WARN__DUPLICATE_METHOD_MATCH = YES;
				"CODE_SIGN_IDENTITY[sdk=iphoneos*]" = "iPhone Developer";
				COPY_PHASE_STRIP = NO;
				DEBUG_INFORMATION_FORMAT = "dwarf-with-dsym";
				ENABLE_NS_ASSERTIONS = NO;
				ENABLE_STRICT_OBJC_MSGSEND = YES;
				GCC_C_LANGUAGE_STANDARD = gnu99;
				GCC_NO_COMMON_BLOCKS = YES;
				GCC_WARN_64_TO_32_BIT_CONVERSION = YES;
				GCC_WARN_ABOUT_RETURN_TYPE = YES_ERROR;
				GCC_WARN_UNDECLARED_SELECTOR = YES;
				GCC_WARN_UNINITIALIZED_AUTOS = YES_AGGRESSIVE;
				GCC_WARN_UNUSED_FUNCTION = YES;
				GCC_WARN_UNUSED_VARIABLE = YES;
				IPHONEOS_DEPLOYMENT_TARGET = 10.1;
				MTL_ENABLE_DEBUG_INFO = NO;
				SDKROOT = iphoneos;
				SWIFT_OPTIMIZATION_LEVEL = "-Owholemodule";
				TARGETED_DEVICE_FAMILY = "1,2";
				VALIDATE_PRODUCT = YES;
			};
			name = Release;
		};
		AFEC05B11DD83DD3001764F5 /* Debug */ = {
			isa = XCBuildConfiguration;
			buildSettings = {
				ASSETCATALOG_COMPILER_APPICON_NAME = AppIcon;
				INFOPLIST_FILE = Paper/Info.plist;
				LD_RUNPATH_SEARCH_PATHS = "$(inherited) @executable_path/Frameworks";
				PRODUCT_BUNDLE_IDENTIFIER = com.raywenderlich.Paper;
				PRODUCT_NAME = "$(TARGET_NAME)";
				SWIFT_VERSION = 3.0;
			};
			name = Debug;
		};
		AFEC05B21DD83DD3001764F5 /* Release */ = {
			isa = XCBuildConfiguration;
			buildSettings = {
				ASSETCATALOG_COMPILER_APPICON_NAME = AppIcon;
				INFOPLIST_FILE = Paper/Info.plist;
				LD_RUNPATH_SEARCH_PATHS = "$(inherited) @executable_path/Frameworks";
				PRODUCT_BUNDLE_IDENTIFIER = com.raywenderlich.Paper;
				PRODUCT_NAME = "$(TARGET_NAME)";
				SWIFT_VERSION = 3.0;
			};
			name = Release;
		};
/* End XCBuildConfiguration section */

/* Begin XCConfigurationList section */
		AFEC05991DD83DD3001764F5 /* Build configuration list for PBXProject "Paper" */ = {
			isa = XCConfigurationList;
			buildConfigurations = (
				AFEC05AE1DD83DD3001764F5 /* Debug */,
				AFEC05AF1DD83DD3001764F5 /* Release */,
			);
			defaultConfigurationIsVisible = 0;
			defaultConfigurationName = Release;
		};
		AFEC05B01DD83DD3001764F5 /* Build configuration list for PBXNativeTarget "Paper" */ = {
			isa = XCConfigurationList;
			buildConfigurations = (
				AFEC05B11DD83DD3001764F5 /* Debug */,
				AFEC05B21DD83DD3001764F5 /* Release */,
			);
			defaultConfigurationIsVisible = 0;
			defaultConfigurationName = Release;
		};
/* End XCConfigurationList section */
	};
	rootObject = AFEC05961DD83DD3001764F5 /* Project object */;
}
