// !$*UTF8*$!
{
	archiveVersion = 1;
	classes = {
	};
	objectVersion = 46;
	objects = {

/* Begin PBXBuildFile section */
		AF28F5041D6EBD550001064E /* MedalView.swift in Sources */ = {isa = PBXBuildFile; fileRef = AF28F5031D6EBD550001064E /* MedalView.swift */; };
		AF471CF41D6D22360047DEF4 /* AppDelegate.swift in Sources */ = {isa = PBXBuildFile; fileRef = AF471CF31D6D22360047DEF4 /* AppDelegate.swift */; };
		AF471CF61D6D22360047DEF4 /* ViewController.swift in Sources */ = {isa = PBXBuildFile; fileRef = AF471CF51D6D22360047DEF4 /* ViewController.swift */; };
		AF471CF91D6D22360047DEF4 /* Main.storyboard in Resources */ = {isa = PBXBuildFile; fileRef = AF471CF71D6D22360047DEF4 /* Main.storyboard */; };
		AF471CFB1D6D22360047DEF4 /* Assets.xcassets in Resources */ = {isa = PBXBuildFile; fileRef = AF471CFA1D6D22360047DEF4 /* Assets.xcassets */; };
		AF471CFE1D6D22360047DEF4 /* LaunchScreen.storyboard in Resources */ = {isa = PBXBuildFile; fileRef = AF471CFC1D6D22360047DEF4 /* LaunchScreen.storyboard */; };
		AF471D061D6D23680047DEF4 /* PushButtonView.swift in Sources */ = {isa = PBXBuildFile; fileRef = AF471D051D6D23680047DEF4 /* PushButtonView.swift */; };
		AF471D081D6D44450047DEF4 /* CounterView.swift in Sources */ = {isa = PBXBuildFile; fileRef = AF471D071D6D44450047DEF4 /* CounterView.swift */; };
		AFEBBF2B1D6E52CB00FE72FE /* GraphView.swift in Sources */ = {isa = PBXBuildFile; fileRef = AFEBBF2A1D6E52CB00FE72FE /* GraphView.swift */; };
		AFEBBF2D1D6EAF2B00FE72FE /* BackgroundView.swift in Sources */ = {isa = PBXBuildFile; fileRef = AFEBBF2C1D6EAF2B00FE72FE /* BackgroundView.swift */; };
/* End PBXBuildFile section */

/* Begin PBXFileReference section */
		AF28F5031D6EBD550001064E /* MedalView.swift */ = {isa = PBXFileReference; fileEncoding = 4; lastKnownFileType = sourcecode.swift; path = MedalView.swift; sourceTree = "<group>"; };
		AF471CF01D6D22360047DEF4 /* Flo.app */ = {isa = PBXFileReference; explicitFileType = wrapper.application; includeInIndex = 0; path = Flo.app; sourceTree = BUILT_PRODUCTS_DIR; };
		AF471CF31D6D22360047DEF4 /* AppDelegate.swift */ = {isa = PBXFileReference; lastKnownFileType = sourcecode.swift; path = AppDelegate.swift; sourceTree = "<group>"; };
		AF471CF51D6D22360047DEF4 /* ViewController.swift */ = {isa = PBXFileReference; lastKnownFileType = sourcecode.swift; path = ViewController.swift; sourceTree = "<group>"; };
		AF471CF81D6D22360047DEF4 /* Base */ = {isa = PBXFileReference; lastKnownFileType = file.storyboard; name = Base; path = Base.lproj/Main.storyboard; sourceTree = "<group>"; };
		AF471CFA1D6D22360047DEF4 /* Assets.xcassets */ = {isa = PBXFileReference; lastKnownFileType = folder.assetcatalog; path = Assets.xcassets; sourceTree = "<group>"; };
		AF471CFD1D6D22360047DEF4 /* Base */ = {isa = PBXFileReference; lastKnownFileType = file.storyboard; name = Base; path = Base.lproj/LaunchScreen.storyboard; sourceTree = "<group>"; };
		AF471CFF1D6D22360047DEF4 /* Info.plist */ = {isa = PBXFileReference; lastKnownFileType = text.plist.xml; path = Info.plist; sourceTree = "<group>"; };
		AF471D051D6D23680047DEF4 /* PushButtonView.swift */ = {isa = PBXFileReference; fileEncoding = 4; lastKnownFileType = sourcecode.swift; path = PushButtonView.swift; sourceTree = "<group>"; };
		AF471D071D6D44450047DEF4 /* CounterView.swift */ = {isa = PBXFileReference; fileEncoding = 4; lastKnownFileType = sourcecode.swift; path = CounterView.swift; sourceTree = "<group>"; };
		AFEBBF2A1D6E52CB00FE72FE /* GraphView.swift */ = {isa = PBXFileReference; fileEncoding = 4; lastKnownFileType = sourcecode.swift; path = GraphView.swift; sourceTree = "<group>"; };
		AFEBBF2C1D6EAF2B00FE72FE /* BackgroundView.swift */ = {isa = PBXFileReference; fileEncoding = 4; lastKnownFileType = sourcecode.swift; path = BackgroundView.swift; sourceTree = "<group>"; };
/* End PBXFileReference section */

/* Begin PBXFrameworksBuildPhase section */
		AF471CED1D6D22360047DEF4 /* Frameworks */ = {
			isa = PBXFrameworksBuildPhase;
			buildActionMask = 2147483647;
			files = (
			);
			runOnlyForDeploymentPostprocessing = 0;
		};
/* End PBXFrameworksBuildPhase section */

/* Begin PBXGroup section */
		AF471CE71D6D22360047DEF4 = {
			isa = PBXGroup;
			children = (
				AF471CF21D6D22360047DEF4 /* Flo */,
				AF471CF11D6D22360047DEF4 /* Products */,
			);
			sourceTree = "<group>";
		};
		AF471CF11D6D22360047DEF4 /* Products */ = {
			isa = PBXGroup;
			children = (
				AF471CF01D6D22360047DEF4 /* Flo.app */,
			);
			name = Products;
			sourceTree = "<group>";
		};
		AF471CF21D6D22360047DEF4 /* Flo */ = {
			isa = PBXGroup;
			children = (
				AF471CF31D6D22360047DEF4 /* AppDelegate.swift */,
				AF471CFA1D6D22360047DEF4 /* Assets.xcassets */,
				AFEBBF2C1D6EAF2B00FE72FE /* BackgroundView.swift */,
				AF471D071D6D44450047DEF4 /* CounterView.swift */,
				AFEBBF2A1D6E52CB00FE72FE /* GraphView.swift */,
				AF471CFF1D6D22360047DEF4 /* Info.plist */,
				AF471CFC1D6D22360047DEF4 /* LaunchScreen.storyboard */,
				AF471CF71D6D22360047DEF4 /* Main.storyboard */,
				AF28F5031D6EBD550001064E /* MedalView.swift */,
				AF471D051D6D23680047DEF4 /* PushButtonView.swift */,
				AF471CF51D6D22360047DEF4 /* ViewController.swift */,
			);
			path = Flo;
			sourceTree = "<group>";
		};
/* End PBXGroup section */

/* Begin PBXNativeTarget section */
		AF471CEF1D6D22360047DEF4 /* Flo */ = {
			isa = PBXNativeTarget;
			buildConfigurationList = AF471D021D6D22360047DEF4 /* Build configuration list for PBXNativeTarget "Flo" */;
			buildPhases = (
				AF471CEC1D6D22360047DEF4 /* Sources */,
				AF471CED1D6D22360047DEF4 /* Frameworks */,
				AF471CEE1D6D22360047DEF4 /* Resources */,
			);
			buildRules = (
			);
			dependencies = (
			);
			name = Flo;
			productName = Flo;
			productReference = AF471CF01D6D22360047DEF4 /* Flo.app */;
			productType = "com.apple.product-type.application";
		};
/* End PBXNativeTarget section */

/* Begin PBXProject section */
		AF471CE81D6D22360047DEF4 /* Project object */ = {
			isa = PBXProject;
			attributes = {
				LastSwiftUpdateCheck = 0730;
				LastUpgradeCheck = 0730;
				ORGANIZATIONNAME = "Andy Wong";
				TargetAttributes = {
					AF471CEF1D6D22360047DEF4 = {
						CreatedOnToolsVersion = 7.3.1;
					};
				};
			};
			buildConfigurationList = AF471CEB1D6D22360047DEF4 /* Build configuration list for PBXProject "Flo" */;
			compatibilityVersion = "Xcode 3.2";
			developmentRegion = English;
			hasScannedForEncodings = 0;
			knownRegions = (
				en,
				Base,
			);
			mainGroup = AF471CE71D6D22360047DEF4;
			productRefGroup = AF471CF11D6D22360047DEF4 /* Products */;
			projectDirPath = "";
			projectRoot = "";
			targets = (
				AF471CEF1D6D22360047DEF4 /* Flo */,
			);
		};
/* End PBXProject section */

/* Begin PBXResourcesBuildPhase section */
		AF471CEE1D6D22360047DEF4 /* Resources */ = {
			isa = PBXResourcesBuildPhase;
			buildActionMask = 2147483647;
			files = (
				AF471CFE1D6D22360047DEF4 /* LaunchScreen.storyboard in Resources */,
				AF471CFB1D6D22360047DEF4 /* Assets.xcassets in Resources */,
				AF471CF91D6D22360047DEF4 /* Main.storyboard in Resources */,
			);
			runOnlyForDeploymentPostprocessing = 0;
		};
/* End PBXResourcesBuildPhase section */

/* Begin PBXSourcesBuildPhase section */
		AF471CEC1D6D22360047DEF4 /* Sources */ = {
			isa = PBXSourcesBuildPhase;
			buildActionMask = 2147483647;
			files = (
				AFEBBF2D1D6EAF2B00FE72FE /* BackgroundView.swift in Sources */,
				AFEBBF2B1D6E52CB00FE72FE /* GraphView.swift in Sources */,
				AF471CF61D6D22360047DEF4 /* ViewController.swift in Sources */,
				AF471D061D6D23680047DEF4 /* PushButtonView.swift in Sources */,
				AF471CF41D6D22360047DEF4 /* AppDelegate.swift in Sources */,
				AF471D081D6D44450047DEF4 /* CounterView.swift in Sources */,
				AF28F5041D6EBD550001064E /* MedalView.swift in Sources */,
			);
			runOnlyForDeploymentPostprocessing = 0;
		};
/* End PBXSourcesBuildPhase section */

/* Begin PBXVariantGroup section */
		AF471CF71D6D22360047DEF4 /* Main.storyboard */ = {
			isa = PBXVariantGroup;
			children = (
				AF471CF81D6D22360047DEF4 /* Base */,
			);
			name = Main.storyboard;
			sourceTree = "<group>";
		};
		AF471CFC1D6D22360047DEF4 /* LaunchScreen.storyboard */ = {
			isa = PBXVariantGroup;
			children = (
				AF471CFD1D6D22360047DEF4 /* Base */,
			);
			name = LaunchScreen.storyboard;
			sourceTree = "<group>";
		};
/* End PBXVariantGroup section */

/* Begin XCBuildConfiguration section */
		AF471D001D6D22360047DEF4 /* Debug */ = {
			isa = XCBuildConfiguration;
			buildSettings = {
				ALWAYS_SEARCH_USER_PATHS = NO;
				CLANG_ANALYZER_NONNULL = YES;
				CLANG_CXX_LANGUAGE_STANDARD = "gnu++0x";
				CLANG_CXX_LIBRARY = "libc++";
				CLANG_ENABLE_MODULES = YES;
				CLANG_ENABLE_OBJC_ARC = YES;
				CLANG_WARN_BOOL_CONVERSION = YES;
				CLANG_WARN_CONSTANT_CONVERSION = YES;
				CLANG_WARN_DIRECT_OBJC_ISA_USAGE = YES_ERROR;
				CLANG_WARN_EMPTY_BODY = YES;
				CLANG_WARN_ENUM_CONVERSION = YES;
				CLANG_WARN_INT_CONVERSION = YES;
				CLANG_WARN_OBJC_ROOT_CLASS = YES_ERROR;
				CLANG_WARN_UNREACHABLE_CODE = YES;
				CLANG_WARN__DUPLICATE_METHOD_MATCH = YES;
				"CODE_SIGN_IDENTITY[sdk=iphoneos*]" = "iPhone Developer";
				COPY_PHASE_STRIP = NO;
				DEBUG_INFORMATION_FORMAT = dwarf;
				ENABLE_STRICT_OBJC_MSGSEND = YES;
				ENABLE_TESTABILITY = YES;
				GCC_C_LANGUAGE_STANDARD = gnu99;
				GCC_DYNAMIC_NO_PIC = NO;
				GCC_NO_COMMON_BLOCKS = YES;
				GCC_OPTIMIZATION_LEVEL = 0;
				GCC_PREPROCESSOR_DEFINITIONS = (
					"DEBUG=1",
					"$(inherited)",
				);
				GCC_WARN_64_TO_32_BIT_CONVERSION = YES;
				GCC_WARN_ABOUT_RETURN_TYPE = YES_ERROR;
				GCC_WARN_UNDECLARED_SELECTOR = YES;
				GCC_WARN_UNINITIALIZED_AUTOS = YES_AGGRESSIVE;
				GCC_WARN_UNUSED_FUNCTION = YES;
				GCC_WARN_UNUSED_VARIABLE = YES;
				IPHONEOS_DEPLOYMENT_TARGET = 9.3;
				MTL_ENABLE_DEBUG_INFO = YES;
				ONLY_ACTIVE_ARCH = YES;
				SDKROOT = iphoneos;
				SWIFT_OPTIMIZATION_LEVEL = "-Onone";
			};
			name = Debug;
		};
		AF471D011D6D22360047DEF4 /* Release */ = {
			isa = XCBuildConfiguration;
			buildSettings = {
				ALWAYS_SEARCH_USER_PATHS = NO;
				CLANG_ANALYZER_NONNULL = YES;
				CLANG_CXX_LANGUAGE_STANDARD = "gnu++0x";
				CLANG_CXX_LIBRARY = "libc++";
				CLANG_ENABLE_MODULES = YES;
				CLANG_ENABLE_OBJC_ARC = YES;
				CLANG_WARN_BOOL_CONVERSION = YES;
				CLANG_WARN_CONSTANT_CONVERSION = YES;
				CLANG_WARN_DIRECT_OBJC_ISA_USAGE = YES_ERROR;
				CLANG_WARN_EMPTY_BODY = YES;
				CLANG_WARN_ENUM_CONVERSION = YES;
				CLANG_WARN_INT_CONVERSION = YES;
				CLANG_WARN_OBJC_ROOT_CLASS = YES_ERROR;
				CLANG_WARN_UNREACHABLE_CODE = YES;
				CLANG_WARN__DUPLICATE_METHOD_MATCH = YES;
				"CODE_SIGN_IDENTITY[sdk=iphoneos*]" = "iPhone Developer";
				COPY_PHASE_STRIP = NO;
				DEBUG_INFORMATION_FORMAT = "dwarf-with-dsym";
				ENABLE_NS_ASSERTIONS = NO;
				ENABLE_STRICT_OBJC_MSGSEND = YES;
				GCC_C_LANGUAGE_STANDARD = gnu99;
				GCC_NO_COMMON_BLOCKS = YES;
				GCC_WARN_64_TO_32_BIT_CONVERSION = YES;
				GCC_WARN_ABOUT_RETURN_TYPE = YES_ERROR;
				GCC_WARN_UNDECLARED_SELECTOR = YES;
				GCC_WARN_UNINITIALIZED_AUTOS = YES_AGGRESSIVE;
				GCC_WARN_UNUSED_FUNCTION = YES;
				GCC_WARN_UNUSED_VARIABLE = YES;
				IPHONEOS_DEPLOYMENT_TARGET = 9.3;
				MTL_ENABLE_DEBUG_INFO = NO;
				SDKROOT = iphoneos;
				VALIDATE_PRODUCT = YES;
			};
			name = Release;
		};
		AF471D031D6D22360047DEF4 /* Debug */ = {
			isa = XCBuildConfiguration;
			buildSettings = {
				ASSETCATALOG_COMPILER_APPICON_NAME = AppIcon;
				INFOPLIST_FILE = Flo/Info.plist;
				LD_RUNPATH_SEARCH_PATHS = "$(inherited) @executable_path/Frameworks";
				PRODUCT_BUNDLE_IDENTIFIER = com.awong.Flo;
				PRODUCT_NAME = "$(TARGET_NAME)";
			};
			name = Debug;
		};
		AF471D041D6D22360047DEF4 /* Release */ = {
			isa = XCBuildConfiguration;
			buildSettings = {
				ASSETCATALOG_COMPILER_APPICON_NAME = AppIcon;
				INFOPLIST_FILE = Flo/Info.plist;
				LD_RUNPATH_SEARCH_PATHS = "$(inherited) @executable_path/Frameworks";
				PRODUCT_BUNDLE_IDENTIFIER = com.awong.Flo;
				PRODUCT_NAME = "$(TARGET_NAME)";
			};
			name = Release;
		};
/* End XCBuildConfiguration section */

/* Begin XCConfigurationList section */
		AF471CEB1D6D22360047DEF4 /* Build configuration list for PBXProject "Flo" */ = {
			isa = XCConfigurationList;
			buildConfigurations = (
				AF471D001D6D22360047DEF4 /* Debug */,
				AF471D011D6D22360047DEF4 /* Release */,
			);
			defaultConfigurationIsVisible = 0;
			defaultConfigurationName = Release;
		};
		AF471D021D6D22360047DEF4 /* Build configuration list for PBXNativeTarget "Flo" */ = {
			isa = XCConfigurationList;
			buildConfigurations = (
				AF471D031D6D22360047DEF4 /* Debug */,
				AF471D041D6D22360047DEF4 /* Release */,
			);
			defaultConfigurationIsVisible = 0;
			defaultConfigurationName = Release;
		};
/* End XCConfigurationList section */
	};
	rootObject = AF471CE81D6D22360047DEF4 /* Project object */;
}
